
Microsoft Visual Studio Solution File, Format Version 12.00
# Visual Studio Version 17
VisualStudioVersion = 17.10.35027.167
MinimumVisualStudioVersion = 10.0.40219.1
Project("{FAE04EC0-301F-11D3-BF4B-00C04F79EFBC}") = "PE_StacksQueues_Exam2Review", "PE_StacksQueues_Exam2Review.csproj", "{201AF698-B5EA-4896-9BFC-98E5C73D1DE1}"
EndProject
Global
	GlobalSection(SolutionConfigurationPlatforms) = preSolution
		Debug|Any CPU = Debug|Any CPU
		Release|Any CPU = Release|Any CPU
	EndGlobalSection
	GlobalSection(ProjectConfigurationPlatforms) = postSolution
		{201AF698-B5EA-4896-9BFC-98E5C73D1DE1}.Debug|Any CPU.ActiveCfg = Debug|Any CPU
		{201AF698-B5EA-4896-9BFC-98E5C73D1DE1}.Debug|Any CPU.Build.0 = Debug|Any CPU
		{201AF698-B5EA-4896-9BFC-98E5C73D1DE1}.Release|Any CPU.ActiveCfg = Release|Any CPU
		{201AF698-B5EA-4896-9BFC-98E5C73D1DE1}.Release|Any CPU.Build.0 = Release|Any CPU
	EndGlobalSection
	GlobalSection(SolutionProperties) = preSolution
		HideSolutionNode = FALSE
	EndGlobalSection
	GlobalSection(ExtensibilityGlobals) = postSolution
		SolutionGuid = {BD0CA4B5-7FF5-45D8-B558-1210D5D639CF}
	EndGlobalSection
EndGlobal
