
Microsoft Visual Studio Solution File, Format Version 12.00
# Visual Studio Version 17
VisualStudioVersion = 17.10.35027.167
MinimumVisualStudioVersion = 10.0.40219.1
Project("{FAE04EC0-301F-11D3-BF4B-00C04F79EFBC}") = "PE_MGBasics", "PE_MGBasics.csproj", "{34E9D546-1CBB-4FE0-812D-79D809CF8486}"
EndProject
Global
	GlobalSection(SolutionConfigurationPlatforms) = preSolution
		Debug|Any CPU = Debug|Any CPU
		Release|Any CPU = Release|Any CPU
	EndGlobalSection
	GlobalSection(ProjectConfigurationPlatforms) = postSolution
		{34E9D546-1CBB-4FE0-812D-79D809CF8486}.Debug|Any CPU.ActiveCfg = Debug|Any CPU
		{34E9D546-1CBB-4FE0-812D-79D809CF8486}.Debug|Any CPU.Build.0 = Debug|Any CPU
		{34E9D546-1CBB-4FE0-812D-79D809CF8486}.Release|Any CPU.ActiveCfg = Release|Any CPU
		{34E9D546-1CBB-4FE0-812D-79D809CF8486}.Release|Any CPU.Build.0 = Release|Any CPU
	EndGlobalSection
	GlobalSection(SolutionProperties) = preSolution
		HideSolutionNode = FALSE
	EndGlobalSection
	GlobalSection(ExtensibilityGlobals) = postSolution
		SolutionGuid = {5A9FFAF1-FC9B-4508-8075-593E2D3DCB9F}
	EndGlobalSection
EndGlobal
