
Microsoft Visual Studio Solution File, Format Version 12.00
# Visual Studio Version 17
VisualStudioVersion = 17.10.35027.167
MinimumVisualStudioVersion = 10.0.40219.1
Project("{FAE04EC0-301F-11D3-BF4B-00C04F79EFBC}") = "PE_AlgAnalysis", "PE_AlgAnalysis.csproj", "{D79F24E5-B47D-40D4-A3DF-47571D82126C}"
EndProject
Global
	GlobalSection(SolutionConfigurationPlatforms) = preSolution
		Debug|Any CPU = Debug|Any CPU
		Release|Any CPU = Release|Any CPU
	EndGlobalSection
	GlobalSection(ProjectConfigurationPlatforms) = postSolution
		{D79F24E5-B47D-40D4-A3DF-47571D82126C}.Debug|Any CPU.ActiveCfg = Debug|Any CPU
		{D79F24E5-B47D-40D4-A3DF-47571D82126C}.Debug|Any CPU.Build.0 = Debug|Any CPU
		{D79F24E5-B47D-40D4-A3DF-47571D82126C}.Release|Any CPU.ActiveCfg = Release|Any CPU
		{D79F24E5-B47D-40D4-A3DF-47571D82126C}.Release|Any CPU.Build.0 = Release|Any CPU
	EndGlobalSection
	GlobalSection(SolutionProperties) = preSolution
		HideSolutionNode = FALSE
	EndGlobalSection
	GlobalSection(ExtensibilityGlobals) = postSolution
		SolutionGuid = {7EA88904-1741-4130-BAD8-5936D5495779}
	EndGlobalSection
EndGlobal
